// !$*UTF8*$!
{
	archiveVersion = 1;
	classes = {
	};
	objectVersion = 50;
	objects = {

/* Begin PBXBuildFile section */
		285895C2238E7DFB00DC8D24 /* libAllFramework.framework in Frameworks */ = {isa = PBXBuildFile; fileRef = 285895B8238E7DFB00DC8D24 /* libAllFramework.framework */; };
		285895C7238E7DFB00DC8D24 /* libAllFrameworkTests.m in Sources */ = {isa = PBXBuildFile; fileRef = 285895C6238E7DFB00DC8D24 /* libAllFrameworkTests.m */; };
		285895C9238E7DFB00DC8D24 /* libAllFramework.h in Headers */ = {isa = PBXBuildFile; fileRef = 285895BB238E7DFB00DC8D24 /* libAllFramework.h */; settings = {ATTRIBUTES = (Public, ); }; };
		285895D4238E7E0600DC8D24 /* loadAll.h in Headers */ = {isa = PBXBuildFile; fileRef = 285895D2238E7E0600DC8D24 /* loadAll.h */; };
		285895D5238E7E0600DC8D24 /* loadAll.m in Sources */ = {isa = PBXBuildFile; fileRef = 285895D3238E7E0600DC8D24 /* loadAll.m */; };
/* End PBXBuildFile section */

/* Begin PBXContainerItemProxy section */
		285895C3238E7DFB00DC8D24 /* PBXContainerItemProxy */ = {
			isa = PBXContainerItemProxy;
			containerPortal = 285895AF238E7DFB00DC8D24 /* Project object */;
			proxyType = 1;
			remoteGlobalIDString = 285895B7238E7DFB00DC8D24;
			remoteInfo = libAllFramework;
		};
/* End PBXContainerItemProxy section */

/* Begin PBXFileReference section */
		285895B8238E7DFB00DC8D24 /* libAllFramework.framework */ = {isa = PBXFileReference; explicitFileType = wrapper.framework; includeInIndex = 0; path = libAllFramework.framework; sourceTree = BUILT_PRODUCTS_DIR; };
		285895BB238E7DFB00DC8D24 /* libAllFramework.h */ = {isa = PBXFileReference; lastKnownFileType = sourcecode.c.h; path = libAllFramework.h; sourceTree = "<group>"; };
		285895BC238E7DFB00DC8D24 /* Info.plist */ = {isa = PBXFileReference; lastKnownFileType = text.plist.xml; path = Info.plist; sourceTree = "<group>"; };
		285895C1238E7DFB00DC8D24 /* libAllFrameworkTests.xctest */ = {isa = PBXFileReference; explicitFileType = wrapper.cfbundle; includeInIndex = 0; path = libAllFrameworkTests.xctest; sourceTree = BUILT_PRODUCTS_DIR; };
		285895C6238E7DFB00DC8D24 /* libAllFrameworkTests.m */ = {isa = PBXFileReference; lastKnownFileType = sourcecode.c.objc; path = libAllFrameworkTests.m; sourceTree = "<group>"; };
		285895C8238E7DFB00DC8D24 /* Info.plist */ = {isa = PBXFileReference; lastKnownFileType = text.plist.xml; path = Info.plist; sourceTree = "<group>"; };
		285895D2238E7E0600DC8D24 /* loadAll.h */ = {isa = PBXFileReference; lastKnownFileType = sourcecode.c.h; path = loadAll.h; sourceTree = "<group>"; };
		285895D3238E7E0600DC8D24 /* loadAll.m */ = {isa = PBXFileReference; lastKnownFileType = sourcecode.c.objc; path = loadAll.m; sourceTree = "<group>"; };
/* End PBXFileReference section */

/* Begin PBXFrameworksBuildPhase section */
		285895B5238E7DFB00DC8D24 /* Frameworks */ = {
			isa = PBXFrameworksBuildPhase;
			buildActionMask = 2147483647;
			files = (
			);
			runOnlyForDeploymentPostprocessing = 0;
		};
		285895BE238E7DFB00DC8D24 /* Frameworks */ = {
			isa = PBXFrameworksBuildPhase;
			buildActionMask = 2147483647;
			files = (
				285895C2238E7DFB00DC8D24 /* libAllFramework.framework in Frameworks */,
			);
			runOnlyForDeploymentPostprocessing = 0;
		};
/* End PBXFrameworksBuildPhase section */

/* Begin PBXGroup section */
		285895AE238E7DFB00DC8D24 = {
			isa = PBXGroup;
			children = (
				285895BA238E7DFB00DC8D24 /* libAllFramework */,
				285895C5238E7DFB00DC8D24 /* libAllFrameworkTests */,
				285895B9238E7DFB00DC8D24 /* Products */,
			);
			sourceTree = "<group>";
		};
		285895B9238E7DFB00DC8D24 /* Products */ = {
			isa = PBXGroup;
			children = (
				285895B8238E7DFB00DC8D24 /* libAllFramework.framework */,
				285895C1238E7DFB00DC8D24 /* libAllFrameworkTests.xctest */,
			);
			name = Products;
			sourceTree = "<group>";
		};
		285895BA238E7DFB00DC8D24 /* libAllFramework */ = {
			isa = PBXGroup;
			children = (
				285895BB238E7DFB00DC8D24 /* libAllFramework.h */,
				285895D2238E7E0600DC8D24 /* loadAll.h */,
				285895D3238E7E0600DC8D24 /* loadAll.m */,
				285895BC238E7DFB00DC8D24 /* Info.plist */,
			);
			path = libAllFramework;
			sourceTree = "<group>";
		};
		285895C5238E7DFB00DC8D24 /* libAllFrameworkTests */ = {
			isa = PBXGroup;
			children = (
				285895C6238E7DFB00DC8D24 /* libAllFrameworkTests.m */,
				285895C8238E7DFB00DC8D24 /* Info.plist */,
			);
			path = libAllFrameworkTests;
			sourceTree = "<group>";
		};
/* End PBXGroup section */

/* Begin PBXHeadersBuildPhase section */
		285895B3238E7DFB00DC8D24 /* Headers */ = {
			isa = PBXHeadersBuildPhase;
			buildActionMask = 2147483647;
			files = (
				285895D4238E7E0600DC8D24 /* loadAll.h in Headers */,
				285895C9238E7DFB00DC8D24 /* libAllFramework.h in Headers */,
			);
			runOnlyForDeploymentPostprocessing = 0;
		};
/* End PBXHeadersBuildPhase section */

/* Begin PBXNativeTarget section */
		285895B7238E7DFB00DC8D24 /* libAllFramework */ = {
			isa = PBXNativeTarget;
			buildConfigurationList = 285895CC238E7DFB00DC8D24 /* Build configuration list for PBXNativeTarget "libAllFramework" */;
			buildPhases = (
				285895B3238E7DFB00DC8D24 /* Headers */,
				285895B4238E7DFB00DC8D24 /* Sources */,
				285895B5238E7DFB00DC8D24 /* Frameworks */,
				285895B6238E7DFB00DC8D24 /* Resources */,
			);
			buildRules = (
			);
			dependencies = (
			);
			name = libAllFramework;
			productName = libAllFramework;
			productReference = 285895B8238E7DFB00DC8D24 /* libAllFramework.framework */;
			productType = "com.apple.product-type.framework";
		};
		285895C0238E7DFB00DC8D24 /* libAllFrameworkTests */ = {
			isa = PBXNativeTarget;
			buildConfigurationList = 285895CF238E7DFB00DC8D24 /* Build configuration list for PBXNativeTarget "libAllFrameworkTests" */;
			buildPhases = (
				285895BD238E7DFB00DC8D24 /* Sources */,
				285895BE238E7DFB00DC8D24 /* Frameworks */,
				285895BF238E7DFB00DC8D24 /* Resources */,
			);
			buildRules = (
			);
			dependencies = (
				285895C4238E7DFB00DC8D24 /* PBXTargetDependency */,
			);
			name = libAllFrameworkTests;
			productName = libAllFrameworkTests;
			productReference = 285895C1238E7DFB00DC8D24 /* libAllFrameworkTests.xctest */;
			productType = "com.apple.product-type.bundle.unit-test";
		};
/* End PBXNativeTarget section */

/* Begin PBXProject section */
		285895AF238E7DFB00DC8D24 /* Project object */ = {
			isa = PBXProject;
			attributes = {
				LastUpgradeCheck = 1120;
				ORGANIZATIONNAME = FengYang;
				TargetAttributes = {
					285895B7238E7DFB00DC8D24 = {
						CreatedOnToolsVersion = 11.2.1;
					};
					285895C0238E7DFB00DC8D24 = {
						CreatedOnToolsVersion = 11.2.1;
					};
				};
			};
			buildConfigurationList = 285895B2238E7DFB00DC8D24 /* Build configuration list for PBXProject "libAllFramework" */;
			compatibilityVersion = "Xcode 9.3";
			developmentRegion = en;
			hasScannedForEncodings = 0;
			knownRegions = (
				en,
				Base,
			);
			mainGroup = 285895AE238E7DFB00DC8D24;
			productRefGroup = 285895B9238E7DFB00DC8D24 /* Products */;
			projectDirPath = "";
			projectRoot = "";
			targets = (
				285895B7238E7DFB00DC8D24 /* libAllFramework */,
				285895C0238E7DFB00DC8D24 /* libAllFrameworkTests */,
			);
		};
/* End PBXProject section */

/* Begin PBXResourcesBuildPhase section */
		285895B6238E7DFB00DC8D24 /* Resources */ = {
			isa = PBXResourcesBuildPhase;
			buildActionMask = 2147483647;
			files = (
			);
			runOnlyForDeploymentPostprocessing = 0;
		};
		285895BF238E7DFB00DC8D24 /* Resources */ = {
			isa = PBXResourcesBuildPhase;
			buildActionMask = 2147483647;
			files = (
			);
			runOnlyForDeploymentPostprocessing = 0;
		};
/* End PBXResourcesBuildPhase section */

/* Begin PBXSourcesBuildPhase section */
		285895B4238E7DFB00DC8D24 /* Sources */ = {
			isa = PBXSourcesBuildPhase;
			buildActionMask = 2147483647;
			files = (
				285895D5238E7E0600DC8D24 /* loadAll.m in Sources */,
			);
			runOnlyForDeploymentPostprocessing = 0;
		};
		285895BD238E7DFB00DC8D24 /* Sources */ = {
			isa = PBXSourcesBuildPhase;
			buildActionMask = 2147483647;
			files = (
				285895C7238E7DFB00DC8D24 /* libAllFrameworkTests.m in Sources */,
			);
			runOnlyForDeploymentPostprocessing = 0;
		};
/* End PBXSourcesBuildPhase section */

/* Begin PBXTargetDependency section */
		285895C4238E7DFB00DC8D24 /* PBXTargetDependency */ = {
			isa = PBXTargetDependency;
			target = 285895B7238E7DFB00DC8D24 /* libAllFramework */;
			targetProxy = 285895C3238E7DFB00DC8D24 /* PBXContainerItemProxy */;
		};
/* End PBXTargetDependency section */

/* Begin XCBuildConfiguration section */
		285895CA238E7DFB00DC8D24 /* Debug */ = {
			isa = XCBuildConfiguration;
			buildSettings = {
				ALWAYS_SEARCH_USER_PATHS = NO;
				CLANG_ANALYZER_NONNULL = YES;
				CLANG_ANALYZER_NUMBER_OBJECT_CONVERSION = YES_AGGRESSIVE;
				CLANG_CXX_LANGUAGE_STANDARD = "gnu++14";
				CLANG_CXX_LIBRARY = "libc++";
				CLANG_ENABLE_MODULES = YES;
				CLANG_ENABLE_OBJC_ARC = YES;
				CLANG_ENABLE_OBJC_WEAK = YES;
				CLANG_WARN_BLOCK_CAPTURE_AUTORELEASING = YES;
				CLANG_WARN_BOOL_CONVERSION = YES;
				CLANG_WARN_COMMA = YES;
				CLANG_WARN_CONSTANT_CONVERSION = YES;
				CLANG_WARN_DEPRECATED_OBJC_IMPLEMENTATIONS = YES;
				CLANG_WARN_DIRECT_OBJC_ISA_USAGE = YES_ERROR;
				CLANG_WARN_DOCUMENTATION_COMMENTS = YES;
				CLANG_WARN_EMPTY_BODY = YES;
				CLANG_WARN_ENUM_CONVERSION = YES;
				CLANG_WARN_INFINITE_RECURSION = YES;
				CLANG_WARN_INT_CONVERSION = YES;
				CLANG_WARN_NON_LITERAL_NULL_CONVERSION = YES;
				CLANG_WARN_OBJC_IMPLICIT_RETAIN_SELF = YES;
				CLANG_WARN_OBJC_LITERAL_CONVERSION = YES;
				CLANG_WARN_OBJC_ROOT_CLASS = YES_ERROR;
				CLANG_WARN_RANGE_LOOP_ANALYSIS = YES;
				CLANG_WARN_STRICT_PROTOTYPES = YES;
				CLANG_WARN_SUSPICIOUS_MOVE = YES;
				CLANG_WARN_UNGUARDED_AVAILABILITY = YES_AGGRESSIVE;
				CLANG_WARN_UNREACHABLE_CODE = YES;
				CLANG_WARN__DUPLICATE_METHOD_MATCH = YES;
				COPY_PHASE_STRIP = NO;
				CURRENT_PROJECT_VERSION = 1;
				DEBUG_INFORMATION_FORMAT = dwarf;
				ENABLE_STRICT_OBJC_MSGSEND = YES;
				ENABLE_TESTABILITY = YES;
				GCC_C_LANGUAGE_STANDARD = gnu11;
				GCC_DYNAMIC_NO_PIC = NO;
				GCC_NO_COMMON_BLOCKS = YES;
				GCC_OPTIMIZATION_LEVEL = 0;
				GCC_PREPROCESSOR_DEFINITIONS = (
					"DEBUG=1",
					"$(inherited)",
				);
				GCC_WARN_64_TO_32_BIT_CONVERSION = YES;
				GCC_WARN_ABOUT_RETURN_TYPE = YES_ERROR;
				GCC_WARN_UNDECLARED_SELECTOR = YES;
				GCC_WARN_UNINITIALIZED_AUTOS = YES_AGGRESSIVE;
				GCC_WARN_UNUSED_FUNCTION = YES;
				GCC_WARN_UNUSED_VARIABLE = YES;
				IPHONEOS_DEPLOYMENT_TARGET = 13.2;
				MTL_ENABLE_DEBUG_INFO = INCLUDE_SOURCE;
				MTL_FAST_MATH = YES;
				ONLY_ACTIVE_ARCH = YES;
				SDKROOT = iphoneos;
				VERSIONING_SYSTEM = "apple-generic";
				VERSION_INFO_PREFIX = "";
			};
			name = Debug;
		};
		285895CB238E7DFB00DC8D24 /* Release */ = {
			isa = XCBuildConfiguration;
			buildSettings = {
				ALWAYS_SEARCH_USER_PATHS = NO;
				CLANG_ANALYZER_NONNULL = YES;
				CLANG_ANALYZER_NUMBER_OBJECT_CONVERSION = YES_AGGRESSIVE;
				CLANG_CXX_LANGUAGE_STANDARD = "gnu++14";
				CLANG_CXX_LIBRARY = "libc++";
				CLANG_ENABLE_MODULES = YES;
				CLANG_ENABLE_OBJC_ARC = YES;
				CLANG_ENABLE_OBJC_WEAK = YES;
				CLANG_WARN_BLOCK_CAPTURE_AUTORELEASING = YES;
				CLANG_WARN_BOOL_CONVERSION = YES;
				CLANG_WARN_COMMA = YES;
				CLANG_WARN_CONSTANT_CONVERSION = YES;
				CLANG_WARN_DEPRECATED_OBJC_IMPLEMENTATIONS = YES;
				CLANG_WARN_DIRECT_OBJC_ISA_USAGE = YES_ERROR;
				CLANG_WARN_DOCUMENTATION_COMMENTS = YES;
				CLANG_WARN_EMPTY_BODY = YES;
				CLANG_WARN_ENUM_CONVERSION = YES;
				CLANG_WARN_INFINITE_RECURSION = YES;
				CLANG_WARN_INT_CONVERSION = YES;
				CLANG_WARN_NON_LITERAL_NULL_CONVERSION = YES;
				CLANG_WARN_OBJC_IMPLICIT_RETAIN_SELF = YES;
				CLANG_WARN_OBJC_LITERAL_CONVERSION = YES;
				CLANG_WARN_OBJC_ROOT_CLASS = YES_ERROR;
				CLANG_WARN_RANGE_LOOP_ANALYSIS = YES;
				CLANG_WARN_STRICT_PROTOTYPES = YES;
				CLANG_WARN_SUSPICIOUS_MOVE = YES;
				CLANG_WARN_UNGUARDED_AVAILABILITY = YES_AGGRESSIVE;
				CLANG_WARN_UNREACHABLE_CODE = YES;
				CLANG_WARN__DUPLICATE_METHOD_MATCH = YES;
				COPY_PHASE_STRIP = NO;
				CURRENT_PROJECT_VERSION = 1;
				DEBUG_INFORMATION_FORMAT = "dwarf-with-dsym";
				ENABLE_NS_ASSERTIONS = NO;
				ENABLE_STRICT_OBJC_MSGSEND = YES;
				GCC_C_LANGUAGE_STANDARD = gnu11;
				GCC_NO_COMMON_BLOCKS = YES;
				GCC_WARN_64_TO_32_BIT_CONVERSION = YES;
				GCC_WARN_ABOUT_RETURN_TYPE = YES_ERROR;
				GCC_WARN_UNDECLARED_SELECTOR = YES;
				GCC_WARN_UNINITIALIZED_AUTOS = YES_AGGRESSIVE;
				GCC_WARN_UNUSED_FUNCTION = YES;
				GCC_WARN_UNUSED_VARIABLE = YES;
				IPHONEOS_DEPLOYMENT_TARGET = 13.2;
				MTL_ENABLE_DEBUG_INFO = NO;
				MTL_FAST_MATH = YES;
				SDKROOT = iphoneos;
				VALIDATE_PRODUCT = YES;
				VERSIONING_SYSTEM = "apple-generic";
				VERSION_INFO_PREFIX = "";
			};
			name = Release;
		};
		285895CD238E7DFB00DC8D24 /* Debug */ = {
			isa = XCBuildConfiguration;
			buildSettings = {
				CODE_SIGN_STYLE = Automatic;
				DEFINES_MODULE = YES;
				DEVELOPMENT_TEAM = NXRGZY5DX4;
				DYLIB_COMPATIBILITY_VERSION = 1;
				DYLIB_CURRENT_VERSION = 1;
				DYLIB_INSTALL_NAME_BASE = "@rpath";
				INFOPLIST_FILE = libAllFramework/Info.plist;
				INSTALL_PATH = "$(LOCAL_LIBRARY_DIR)/Frameworks";
				IPHONEOS_DEPLOYMENT_TARGET = 9.0;
				LD_RUNPATH_SEARCH_PATHS = (
					"$(inherited)",
					"@executable_path/Frameworks",
					"@loader_path/Frameworks",
				);
				PRODUCT_BUNDLE_IDENTIFIER = com.fengyang.libAllFramework;
				PRODUCT_NAME = "$(TARGET_NAME:c99extidentifier)";
				SKIP_INSTALL = YES;
				TARGETED_DEVICE_FAMILY = "1,2";
			};
			name = Debug;
		};
		285895CE238E7DFB00DC8D24 /* Release */ = {
			isa = XCBuildConfiguration;
			buildSettings = {
				CODE_SIGN_STYLE = Automatic;
				DEFINES_MODULE = YES;
				DEVELOPMENT_TEAM = NXRGZY5DX4;
				DYLIB_COMPATIBILITY_VERSION = 1;
				DYLIB_CURRENT_VERSION = 1;
				DYLIB_INSTALL_NAME_BASE = "@rpath";
				INFOPLIST_FILE = libAllFramework/Info.plist;
				INSTALL_PATH = "$(LOCAL_LIBRARY_DIR)/Frameworks";
				IPHONEOS_DEPLOYMENT_TARGET = 9.0;
				LD_RUNPATH_SEARCH_PATHS = (
					"$(inherited)",
					"@executable_path/Frameworks",
					"@loader_path/Frameworks",
				);
				PRODUCT_BUNDLE_IDENTIFIER = com.fengyang.libAllFramework;
				PRODUCT_NAME = "$(TARGET_NAME:c99extidentifier)";
				SKIP_INSTALL = YES;
				TARGETED_DEVICE_FAMILY = "1,2";
			};
			name = Release;
		};
		285895D0238E7DFB00DC8D24 /* Debug */ = {
			isa = XCBuildConfiguration;
			buildSettings = {
				CODE_SIGN_STYLE = Automatic;
				DEVELOPMENT_TEAM = NXRGZY5DX4;
				INFOPLIST_FILE = libAllFrameworkTests/Info.plist;
				LD_RUNPATH_SEARCH_PATHS = (
					"$(inherited)",
					"@executable_path/Frameworks",
					"@loader_path/Frameworks",
				);
				PRODUCT_BUNDLE_IDENTIFIER = com.fengyang.libAllFrameworkTests;
				PRODUCT_NAME = "$(TARGET_NAME)";
				TARGETED_DEVICE_FAMILY = "1,2";
			};
			name = Debug;
		};
		285895D1238E7DFB00DC8D24 /* Release */ = {
			isa = XCBuildConfiguration;
			buildSettings = {
				CODE_SIGN_STYLE = Automatic;
				DEVELOPMENT_TEAM = NXRGZY5DX4;
				INFOPLIST_FILE = libAllFrameworkTests/Info.plist;
				LD_RUNPATH_SEARCH_PATHS = (
					"$(inherited)",
					"@executable_path/Frameworks",
					"@loader_path/Frameworks",
				);
				PRODUCT_BUNDLE_IDENTIFIER = com.fengyang.libAllFrameworkTests;
				PRODUCT_NAME = "$(TARGET_NAME)";
				TARGETED_DEVICE_FAMILY = "1,2";
			};
			name = Release;
		};
/* End XCBuildConfiguration section */

/* Begin XCConfigurationList section */
		285895B2238E7DFB00DC8D24 /* Build configuration list for PBXProject "libAllFramework" */ = {
			isa = XCConfigurationList;
			buildConfigurations = (
				285895CA238E7DFB00DC8D24 /* Debug */,
				285895CB238E7DFB00DC8D24 /* Release */,
			);
			defaultConfigurationIsVisible = 0;
			defaultConfigurationName = Release;
		};
		285895CC238E7DFB00DC8D24 /* Build configuration list for PBXNativeTarget "libAllFramework" */ = {
			isa = XCConfigurationList;
			buildConfigurations = (
				285895CD238E7DFB00DC8D24 /* Debug */,
				285895CE238E7DFB00DC8D24 /* Release */,
			);
			defaultConfigurationIsVisible = 0;
			defaultConfigurationName = Release;
		};
		285895CF238E7DFB00DC8D24 /* Build configuration list for PBXNativeTarget "libAllFrameworkTests" */ = {
			isa = XCConfigurationList;
			buildConfigurations = (
				285895D0238E7DFB00DC8D24 /* Debug */,
				285895D1238E7DFB00DC8D24 /* Release */,
			);
			defaultConfigurationIsVisible = 0;
			defaultConfigurationName = Release;
		};
/* End XCConfigurationList section */
	};
	rootObject = 285895AF238E7DFB00DC8D24 /* Project object */;
}
